// !$*UTF8*$!
{
	archiveVersion = 1;
	classes = {
	};
	objectVersion = 46;
	objects = {

/* Begin PBXBuildFile section */
		3D7E265E8AACB138FA2AF7BE /* libPods-CameraDemo.a in Frameworks */ = {isa = PBXBuildFile; fileRef = E4EFCDFDD41AE6BA2DFD9D37 /* libPods-CameraDemo.a */; };
		78DA0ABE1E559D97001425EF /* AVFoundation.framework in Frameworks */ = {isa = PBXBuildFile; fileRef = 78DA0ABD1E559D97001425EF /* AVFoundation.framework */; };
		78DA0AC21E55ABED001425EF /* UIImagePickerControllerUtil.m in Sources */ = {isa = PBXBuildFile; fileRef = 78DA0AC11E55ABED001425EF /* UIImagePickerControllerUtil.m */; };
		808CBBDD1B74BB6500EDFFB9 /* main.m in Sources */ = {isa = PBXBuildFile; fileRef = 808CBBDC1B74BB6500EDFFB9 /* main.m */; };
		808CBBE01B74BB6500EDFFB9 /* AppDelegate.m in Sources */ = {isa = PBXBuildFile; fileRef = 808CBBDF1B74BB6500EDFFB9 /* AppDelegate.m */; };
		808CBBE31B74BB6500EDFFB9 /* ViewController.m in Sources */ = {isa = PBXBuildFile; fileRef = 808CBBE21B74BB6500EDFFB9 /* ViewController.m */; };
		808CBBE61B74BB6500EDFFB9 /* Main.storyboard in Resources */ = {isa = PBXBuildFile; fileRef = 808CBBE41B74BB6500EDFFB9 /* Main.storyboard */; };
		808CBBE81B74BB6500EDFFB9 /* Images.xcassets in Resources */ = {isa = PBXBuildFile; fileRef = 808CBBE71B74BB6500EDFFB9 /* Images.xcassets */; };
		808CBBEB1B74BB6500EDFFB9 /* LaunchScreen.xib in Resources */ = {isa = PBXBuildFile; fileRef = 808CBBE91B74BB6500EDFFB9 /* LaunchScreen.xib */; };
		808CBBF71B74BB6500EDFFB9 /* CameraDemoTests.m in Sources */ = {isa = PBXBuildFile; fileRef = 808CBBF61B74BB6500EDFFB9 /* CameraDemoTests.m */; };
		808CBC2E1B74BCD500EDFFB9 /* BasicCameraViewController.m in Sources */ = {isa = PBXBuildFile; fileRef = 808CBC041B74BCD500EDFFB9 /* BasicCameraViewController.m */; };
		808CBC2F1B74BCD500EDFFB9 /* BasicCameraViewController.xib in Resources */ = {isa = PBXBuildFile; fileRef = 808CBC051B74BCD500EDFFB9 /* BasicCameraViewController.xib */; };
		808CBC301B74BCD500EDFFB9 /* CameraClient.m in Sources */ = {isa = PBXBuildFile; fileRef = 808CBC081B74BCD500EDFFB9 /* CameraClient.m */; };
		808CBC311B74BCD500EDFFB9 /* ClientCameraViewController.m in Sources */ = {isa = PBXBuildFile; fileRef = 808CBC0A1B74BCD500EDFFB9 /* ClientCameraViewController.m */; };
		808CBC321B74BCD500EDFFB9 /* ClientCameraViewController.xib in Resources */ = {isa = PBXBuildFile; fileRef = 808CBC0B1B74BCD500EDFFB9 /* ClientCameraViewController.xib */; };
		808CBC331B74BCD500EDFFB9 /* ClientSocket.m in Sources */ = {isa = PBXBuildFile; fileRef = 808CBC0D1B74BCD500EDFFB9 /* ClientSocket.m */; };
		808CBC341B74BCD500EDFFB9 /* RTSPClientConnection.mm in Sources */ = {isa = PBXBuildFile; fileRef = 808CBC0F1B74BCD500EDFFB9 /* RTSPClientConnection.mm */; };
		808CBC351B74BCD500EDFFB9 /* CustomCameraViewController.m in Sources */ = {isa = PBXBuildFile; fileRef = 808CBC111B74BCD500EDFFB9 /* CustomCameraViewController.m */; };
		808CBC361B74BCD500EDFFB9 /* CustomCameraViewController.xib in Resources */ = {isa = PBXBuildFile; fileRef = 808CBC121B74BCD500EDFFB9 /* CustomCameraViewController.xib */; };
		808CBC371B74BCD500EDFFB9 /* AACEncoder.m in Sources */ = {isa = PBXBuildFile; fileRef = 808CBC151B74BCD500EDFFB9 /* AACEncoder.m */; };
		808CBC381B74BCD500EDFFB9 /* AVEncoder.mm in Sources */ = {isa = PBXBuildFile; fileRef = 808CBC171B74BCD500EDFFB9 /* AVEncoder.mm */; };
		808CBC391B74BCD500EDFFB9 /* EncodedFrame.m in Sources */ = {isa = PBXBuildFile; fileRef = 808CBC191B74BCD500EDFFB9 /* EncodedFrame.m */; };
		808CBC3A1B74BCD500EDFFB9 /* MP4Atom.m in Sources */ = {isa = PBXBuildFile; fileRef = 808CBC1B1B74BCD500EDFFB9 /* MP4Atom.m */; };
		808CBC3B1B74BCD500EDFFB9 /* NALUnit.cpp in Sources */ = {isa = PBXBuildFile; fileRef = 808CBC1C1B74BCD500EDFFB9 /* NALUnit.cpp */; };
		808CBC3C1B74BCD500EDFFB9 /* VideoEncoder.m in Sources */ = {isa = PBXBuildFile; fileRef = 808CBC1F1B74BCD500EDFFB9 /* VideoEncoder.m */; };
		808CBC3D1B74BCD500EDFFB9 /* EncodeUtil.mm in Sources */ = {isa = PBXBuildFile; fileRef = 808CBC211B74BCD500EDFFB9 /* EncodeUtil.mm */; };
		808CBC3E1B74BCD500EDFFB9 /* RTSPMessage.m in Sources */ = {isa = PBXBuildFile; fileRef = 808CBC231B74BCD500EDFFB9 /* RTSPMessage.m */; };
		808CBC3F1B74BCD500EDFFB9 /* CameraServer.m in Sources */ = {isa = PBXBuildFile; fileRef = 808CBC261B74BCD500EDFFB9 /* CameraServer.m */; };
		808CBC401B74BCD500EDFFB9 /* RTSPServer.m in Sources */ = {isa = PBXBuildFile; fileRef = 808CBC281B74BCD500EDFFB9 /* RTSPServer.m */; };
		808CBC411B74BCD500EDFFB9 /* RTSPServerConnection.mm in Sources */ = {isa = PBXBuildFile; fileRef = 808CBC2A1B74BCD500EDFFB9 /* RTSPServerConnection.mm */; };
		808CBC421B74BCD500EDFFB9 /* ServerCameraViewController.m in Sources */ = {isa = PBXBuildFile; fileRef = 808CBC2C1B74BCD500EDFFB9 /* ServerCameraViewController.m */; };
		808CBC431B74BCD500EDFFB9 /* ServerCameraViewController.xib in Resources */ = {isa = PBXBuildFile; fileRef = 808CBC2D1B74BCD500EDFFB9 /* ServerCameraViewController.xib */; };
		808CBC481B74C03500EDFFB9 /* PopupTextFieldInput.m in Sources */ = {isa = PBXBuildFile; fileRef = 808CBC461B74C03500EDFFB9 /* PopupTextFieldInput.m */; };
		808CBC491B74C03500EDFFB9 /* PopupTextFieldInput.xib in Resources */ = {isa = PBXBuildFile; fileRef = 808CBC471B74C03500EDFFB9 /* PopupTextFieldInput.xib */; };
		808CBC4E1B74C17800EDFFB9 /* IPAddressUtil.m in Sources */ = {isa = PBXBuildFile; fileRef = 808CBC4D1B74C17800EDFFB9 /* IPAddressUtil.m */; };
/* End PBXBuildFile section */

/* Begin PBXContainerItemProxy section */
		808CBBF11B74BB6500EDFFB9 /* PBXContainerItemProxy */ = {
			isa = PBXContainerItemProxy;
			containerPortal = 808CBBCF1B74BB6500EDFFB9 /* Project object */;
			proxyType = 1;
			remoteGlobalIDString = 808CBBD61B74BB6500EDFFB9;
			remoteInfo = CameraDemo;
		};
/* End PBXContainerItemProxy section */

/* Begin PBXFileReference section */
		443C349BC004722484BF33D8 /* Pods-CameraDemo.debug.xcconfig */ = {isa = PBXFileReference; includeInIndex = 1; lastKnownFileType = text.xcconfig; name = "Pods-CameraDemo.debug.xcconfig"; path = "Pods/Target Support Files/Pods-CameraDemo/Pods-CameraDemo.debug.xcconfig"; sourceTree = "<group>"; };
		78DA0ABD1E559D97001425EF /* AVFoundation.framework */ = {isa = PBXFileReference; lastKnownFileType = wrapper.framework; name = AVFoundation.framework; path = System/Library/Frameworks/AVFoundation.framework; sourceTree = SDKROOT; };
		78DA0AC01E55ABED001425EF /* UIImagePickerControllerUtil.h */ = {isa = PBXFileReference; fileEncoding = 4; lastKnownFileType = sourcecode.c.h; path = UIImagePickerControllerUtil.h; sourceTree = "<group>"; };
		78DA0AC11E55ABED001425EF /* UIImagePickerControllerUtil.m */ = {isa = PBXFileReference; fileEncoding = 4; lastKnownFileType = sourcecode.c.objc; path = UIImagePickerControllerUtil.m; sourceTree = "<group>"; };
		808CBBD71B74BB6500EDFFB9 /* CameraDemo.app */ = {isa = PBXFileReference; explicitFileType = wrapper.application; includeInIndex = 0; path = CameraDemo.app; sourceTree = BUILT_PRODUCTS_DIR; };
		808CBBDB1B74BB6500EDFFB9 /* Info.plist */ = {isa = PBXFileReference; lastKnownFileType = text.plist.xml; path = Info.plist; sourceTree = "<group>"; };
		808CBBDC1B74BB6500EDFFB9 /* main.m */ = {isa = PBXFileReference; lastKnownFileType = sourcecode.c.objc; path = main.m; sourceTree = "<group>"; };
		808CBBDE1B74BB6500EDFFB9 /* AppDelegate.h */ = {isa = PBXFileReference; lastKnownFileType = sourcecode.c.h; path = AppDelegate.h; sourceTree = "<group>"; };
		808CBBDF1B74BB6500EDFFB9 /* AppDelegate.m */ = {isa = PBXFileReference; lastKnownFileType = sourcecode.c.objc; path = AppDelegate.m; sourceTree = "<group>"; };
		808CBBE11B74BB6500EDFFB9 /* ViewController.h */ = {isa = PBXFileReference; lastKnownFileType = sourcecode.c.h; path = ViewController.h; sourceTree = "<group>"; };
		808CBBE21B74BB6500EDFFB9 /* ViewController.m */ = {isa = PBXFileReference; lastKnownFileType = sourcecode.c.objc; path = ViewController.m; sourceTree = "<group>"; };
		808CBBE51B74BB6500EDFFB9 /* Base */ = {isa = PBXFileReference; lastKnownFileType = file.storyboard; name = Base; path = Base.lproj/Main.storyboard; sourceTree = "<group>"; };
		808CBBE71B74BB6500EDFFB9 /* Images.xcassets */ = {isa = PBXFileReference; lastKnownFileType = folder.assetcatalog; path = Images.xcassets; sourceTree = "<group>"; };
		808CBBEA1B74BB6500EDFFB9 /* Base */ = {isa = PBXFileReference; lastKnownFileType = file.xib; name = Base; path = Base.lproj/LaunchScreen.xib; sourceTree = "<group>"; };
		808CBBF01B74BB6500EDFFB9 /* CameraDemoTests.xctest */ = {isa = PBXFileReference; explicitFileType = wrapper.cfbundle; includeInIndex = 0; path = CameraDemoTests.xctest; sourceTree = BUILT_PRODUCTS_DIR; };
		808CBBF51B74BB6500EDFFB9 /* Info.plist */ = {isa = PBXFileReference; lastKnownFileType = text.plist.xml; path = Info.plist; sourceTree = "<group>"; };
		808CBBF61B74BB6500EDFFB9 /* CameraDemoTests.m */ = {isa = PBXFileReference; lastKnownFileType = sourcecode.c.objc; path = CameraDemoTests.m; sourceTree = "<group>"; };
		808CBC031B74BCD500EDFFB9 /* BasicCameraViewController.h */ = {isa = PBXFileReference; fileEncoding = 4; lastKnownFileType = sourcecode.c.h; path = BasicCameraViewController.h; sourceTree = "<group>"; };
		808CBC041B74BCD500EDFFB9 /* BasicCameraViewController.m */ = {isa = PBXFileReference; fileEncoding = 4; lastKnownFileType = sourcecode.c.objc; path = BasicCameraViewController.m; sourceTree = "<group>"; };
		808CBC051B74BCD500EDFFB9 /* BasicCameraViewController.xib */ = {isa = PBXFileReference; fileEncoding = 4; lastKnownFileType = file.xib; path = BasicCameraViewController.xib; sourceTree = "<group>"; };
		808CBC071B74BCD500EDFFB9 /* CameraClient.h */ = {isa = PBXFileReference; fileEncoding = 4; lastKnownFileType = sourcecode.c.h; path = CameraClient.h; sourceTree = "<group>"; };
		808CBC081B74BCD500EDFFB9 /* CameraClient.m */ = {isa = PBXFileReference; fileEncoding = 4; lastKnownFileType = sourcecode.c.objc; path = CameraClient.m; sourceTree = "<group>"; };
		808CBC091B74BCD500EDFFB9 /* ClientCameraViewController.h */ = {isa = PBXFileReference; fileEncoding = 4; lastKnownFileType = sourcecode.c.h; path = ClientCameraViewController.h; sourceTree = "<group>"; };
		808CBC0A1B74BCD500EDFFB9 /* ClientCameraViewController.m */ = {isa = PBXFileReference; fileEncoding = 4; lastKnownFileType = sourcecode.c.objc; path = ClientCameraViewController.m; sourceTree = "<group>"; };
		808CBC0B1B74BCD500EDFFB9 /* ClientCameraViewController.xib */ = {isa = PBXFileReference; fileEncoding = 4; lastKnownFileType = file.xib; path = ClientCameraViewController.xib; sourceTree = "<group>"; };
		808CBC0C1B74BCD500EDFFB9 /* ClientSocket.h */ = {isa = PBXFileReference; fileEncoding = 4; lastKnownFileType = sourcecode.c.h; path = ClientSocket.h; sourceTree = "<group>"; };
		808CBC0D1B74BCD500EDFFB9 /* ClientSocket.m */ = {isa = PBXFileReference; fileEncoding = 4; lastKnownFileType = sourcecode.c.objc; path = ClientSocket.m; sourceTree = "<group>"; };
		808CBC0E1B74BCD500EDFFB9 /* RTSPClientConnection.h */ = {isa = PBXFileReference; fileEncoding = 4; lastKnownFileType = sourcecode.c.h; path = RTSPClientConnection.h; sourceTree = "<group>"; };
		808CBC0F1B74BCD500EDFFB9 /* RTSPClientConnection.mm */ = {isa = PBXFileReference; fileEncoding = 4; lastKnownFileType = sourcecode.cpp.objcpp; path = RTSPClientConnection.mm; sourceTree = "<group>"; };
		808CBC101B74BCD500EDFFB9 /* CustomCameraViewController.h */ = {isa = PBXFileReference; fileEncoding = 4; lastKnownFileType = sourcecode.c.h; path = CustomCameraViewController.h; sourceTree = "<group>"; };
		808CBC111B74BCD500EDFFB9 /* CustomCameraViewController.m */ = {isa = PBXFileReference; fileEncoding = 4; lastKnownFileType = sourcecode.c.objc; path = CustomCameraViewController.m; sourceTree = "<group>"; };
		808CBC121B74BCD500EDFFB9 /* CustomCameraViewController.xib */ = {isa = PBXFileReference; fileEncoding = 4; lastKnownFileType = file.xib; path = CustomCameraViewController.xib; sourceTree = "<group>"; };
		808CBC141B74BCD500EDFFB9 /* AACEncoder.h */ = {isa = PBXFileReference; fileEncoding = 4; lastKnownFileType = sourcecode.c.h; path = AACEncoder.h; sourceTree = "<group>"; };
		808CBC151B74BCD500EDFFB9 /* AACEncoder.m */ = {isa = PBXFileReference; fileEncoding = 4; lastKnownFileType = sourcecode.c.objc; path = AACEncoder.m; sourceTree = "<group>"; };
		808CBC161B74BCD500EDFFB9 /* AVEncoder.h */ = {isa = PBXFileReference; fileEncoding = 4; lastKnownFileType = sourcecode.c.h; path = AVEncoder.h; sourceTree = "<group>"; };
		808CBC171B74BCD500EDFFB9 /* AVEncoder.mm */ = {isa = PBXFileReference; fileEncoding = 4; lastKnownFileType = sourcecode.cpp.objcpp; path = AVEncoder.mm; sourceTree = "<group>"; };
		808CBC181B74BCD500EDFFB9 /* EncodedFrame.h */ = {isa = PBXFileReference; fileEncoding = 4; lastKnownFileType = sourcecode.c.h; path = EncodedFrame.h; sourceTree = "<group>"; };
		808CBC191B74BCD500EDFFB9 /* EncodedFrame.m */ = {isa = PBXFileReference; fileEncoding = 4; lastKnownFileType = sourcecode.c.objc; path = EncodedFrame.m; sourceTree = "<group>"; };
		808CBC1A1B74BCD500EDFFB9 /* MP4Atom.h */ = {isa = PBXFileReference; fileEncoding = 4; lastKnownFileType = sourcecode.c.h; path = MP4Atom.h; sourceTree = "<group>"; };
		808CBC1B1B74BCD500EDFFB9 /* MP4Atom.m */ = {isa = PBXFileReference; fileEncoding = 4; lastKnownFileType = sourcecode.c.objc; path = MP4Atom.m; sourceTree = "<group>"; };
		808CBC1C1B74BCD500EDFFB9 /* NALUnit.cpp */ = {isa = PBXFileReference; fileEncoding = 4; lastKnownFileType = sourcecode.cpp.cpp; path = NALUnit.cpp; sourceTree = "<group>"; };
		808CBC1D1B74BCD500EDFFB9 /* NALUnit.h */ = {isa = PBXFileReference; fileEncoding = 4; lastKnownFileType = sourcecode.c.h; path = NALUnit.h; sourceTree = "<group>"; };
		808CBC1E1B74BCD500EDFFB9 /* VideoEncoder.h */ = {isa = PBXFileReference; fileEncoding = 4; lastKnownFileType = sourcecode.c.h; path = VideoEncoder.h; sourceTree = "<group>"; };
		808CBC1F1B74BCD500EDFFB9 /* VideoEncoder.m */ = {isa = PBXFileReference; fileEncoding = 4; lastKnownFileType = sourcecode.c.objc; path = VideoEncoder.m; sourceTree = "<group>"; };
		808CBC201B74BCD500EDFFB9 /* EncodeUtil.h */ = {isa = PBXFileReference; fileEncoding = 4; lastKnownFileType = sourcecode.c.h; path = EncodeUtil.h; sourceTree = "<group>"; };
		808CBC211B74BCD500EDFFB9 /* EncodeUtil.mm */ = {isa = PBXFileReference; fileEncoding = 4; lastKnownFileType = sourcecode.cpp.objcpp; path = EncodeUtil.mm; sourceTree = "<group>"; };
		808CBC221B74BCD500EDFFB9 /* RTSPMessage.h */ = {isa = PBXFileReference; fileEncoding = 4; lastKnownFileType = sourcecode.c.h; path = RTSPMessage.h; sourceTree = "<group>"; };
		808CBC231B74BCD500EDFFB9 /* RTSPMessage.m */ = {isa = PBXFileReference; fileEncoding = 4; lastKnownFileType = sourcecode.c.objc; path = RTSPMessage.m; sourceTree = "<group>"; };
		808CBC251B74BCD500EDFFB9 /* CameraServer.h */ = {isa = PBXFileReference; fileEncoding = 4; lastKnownFileType = sourcecode.c.h; path = CameraServer.h; sourceTree = "<group>"; };
		808CBC261B74BCD500EDFFB9 /* CameraServer.m */ = {isa = PBXFileReference; fileEncoding = 4; lastKnownFileType = sourcecode.c.objc; path = CameraServer.m; sourceTree = "<group>"; };
		808CBC271B74BCD500EDFFB9 /* RTSPServer.h */ = {isa = PBXFileReference; fileEncoding = 4; lastKnownFileType = sourcecode.c.h; path = RTSPServer.h; sourceTree = "<group>"; };
		808CBC281B74BCD500EDFFB9 /* RTSPServer.m */ = {isa = PBXFileReference; fileEncoding = 4; lastKnownFileType = sourcecode.c.objc; path = RTSPServer.m; sourceTree = "<group>"; };
		808CBC291B74BCD500EDFFB9 /* RTSPServerConnection.h */ = {isa = PBXFileReference; fileEncoding = 4; lastKnownFileType = sourcecode.c.h; path = RTSPServerConnection.h; sourceTree = "<group>"; };
		808CBC2A1B74BCD500EDFFB9 /* RTSPServerConnection.mm */ = {isa = PBXFileReference; fileEncoding = 4; lastKnownFileType = sourcecode.cpp.objcpp; path = RTSPServerConnection.mm; sourceTree = "<group>"; };
		808CBC2B1B74BCD500EDFFB9 /* ServerCameraViewController.h */ = {isa = PBXFileReference; fileEncoding = 4; lastKnownFileType = sourcecode.c.h; path = ServerCameraViewController.h; sourceTree = "<group>"; };
		808CBC2C1B74BCD500EDFFB9 /* ServerCameraViewController.m */ = {isa = PBXFileReference; fileEncoding = 4; lastKnownFileType = sourcecode.c.objc; path = ServerCameraViewController.m; sourceTree = "<group>"; };
		808CBC2D1B74BCD500EDFFB9 /* ServerCameraViewController.xib */ = {isa = PBXFileReference; fileEncoding = 4; lastKnownFileType = file.xib; path = ServerCameraViewController.xib; sourceTree = "<group>"; };
		808CBC451B74C03500EDFFB9 /* PopupTextFieldInput.h */ = {isa = PBXFileReference; fileEncoding = 4; lastKnownFileType = sourcecode.c.h; path = PopupTextFieldInput.h; sourceTree = "<group>"; };
		808CBC461B74C03500EDFFB9 /* PopupTextFieldInput.m */ = {isa = PBXFileReference; fileEncoding = 4; lastKnownFileType = sourcecode.c.objc; path = PopupTextFieldInput.m; sourceTree = "<group>"; };
		808CBC471B74C03500EDFFB9 /* PopupTextFieldInput.xib */ = {isa = PBXFileReference; fileEncoding = 4; lastKnownFileType = file.xib; path = PopupTextFieldInput.xib; sourceTree = "<group>"; };
		808CBC4C1B74C17800EDFFB9 /* IPAddressUtil.h */ = {isa = PBXFileReference; fileEncoding = 4; lastKnownFileType = sourcecode.c.h; path = IPAddressUtil.h; sourceTree = "<group>"; };
		808CBC4D1B74C17800EDFFB9 /* IPAddressUtil.m */ = {isa = PBXFileReference; fileEncoding = 4; lastKnownFileType = sourcecode.c.objc; path = IPAddressUtil.m; sourceTree = "<group>"; };
		80F7B4D61B7B3B4100468538 /* CameraDemo.pch */ = {isa = PBXFileReference; lastKnownFileType = sourcecode.c.h; path = CameraDemo.pch; sourceTree = "<group>"; };
		DE31722BBCCD37250308813A /* Pods-CameraDemo.release.xcconfig */ = {isa = PBXFileReference; includeInIndex = 1; lastKnownFileType = text.xcconfig; name = "Pods-CameraDemo.release.xcconfig"; path = "Pods/Target Support Files/Pods-CameraDemo/Pods-CameraDemo.release.xcconfig"; sourceTree = "<group>"; };
		E4EFCDFDD41AE6BA2DFD9D37 /* libPods-CameraDemo.a */ = {isa = PBXFileReference; explicitFileType = archive.ar; includeInIndex = 0; path = "libPods-CameraDemo.a"; sourceTree = BUILT_PRODUCTS_DIR; };
/* End PBXFileReference section */

/* Begin PBXFrameworksBuildPhase section */
		808CBBD41B74BB6500EDFFB9 /* Frameworks */ = {
			isa = PBXFrameworksBuildPhase;
			buildActionMask = 2147483647;
			files = (
				78DA0ABE1E559D97001425EF /* AVFoundation.framework in Frameworks */,
				3D7E265E8AACB138FA2AF7BE /* libPods-CameraDemo.a in Frameworks */,
			);
			runOnlyForDeploymentPostprocessing = 0;
		};
		808CBBED1B74BB6500EDFFB9 /* Frameworks */ = {
			isa = PBXFrameworksBuildPhase;
			buildActionMask = 2147483647;
			files = (
			);
			runOnlyForDeploymentPostprocessing = 0;
		};
/* End PBXFrameworksBuildPhase section */

/* Begin PBXGroup section */
		78DA0ABF1E55ABD4001425EF /* UIImagePickerControllerUtil */ = {
			isa = PBXGroup;
			children = (
				78DA0AC01E55ABED001425EF /* UIImagePickerControllerUtil.h */,
				78DA0AC11E55ABED001425EF /* UIImagePickerControllerUtil.m */,
			);
			name = UIImagePickerControllerUtil;
			path = ../../UIImagePickerControllerUtil;
			sourceTree = "<group>";
		};
		808CBBCE1B74BB6500EDFFB9 = {
			isa = PBXGroup;
			children = (
				808CBBD91B74BB6500EDFFB9 /* CameraDemo */,
				808CBBF31B74BB6500EDFFB9 /* CameraDemoTests */,
				808CBBD81B74BB6500EDFFB9 /* Products */,
				AE29E5FF3911CC5EA210A5DE /* Pods */,
				D6934B000A760CAFD7B81145 /* Frameworks */,
			);
			sourceTree = "<group>";
		};
		808CBBD81B74BB6500EDFFB9 /* Products */ = {
			isa = PBXGroup;
			children = (
				808CBBD71B74BB6500EDFFB9 /* CameraDemo.app */,
				808CBBF01B74BB6500EDFFB9 /* CameraDemoTests.xctest */,
			);
			name = Products;
			sourceTree = "<group>";
		};
		808CBBD91B74BB6500EDFFB9 /* CameraDemo */ = {
			isa = PBXGroup;
			children = (
				808CBBDE1B74BB6500EDFFB9 /* AppDelegate.h */,
				808CBBDF1B74BB6500EDFFB9 /* AppDelegate.m */,
				78DA0ABF1E55ABD4001425EF /* UIImagePickerControllerUtil */,
				808CBBE11B74BB6500EDFFB9 /* ViewController.h */,
				808CBBE21B74BB6500EDFFB9 /* ViewController.m */,
				808CBBE41B74BB6500EDFFB9 /* Main.storyboard */,
				808CBBE71B74BB6500EDFFB9 /* Images.xcassets */,
				808CBBE91B74BB6500EDFFB9 /* LaunchScreen.xib */,
				808CBC4A1B74C17800EDFFB9 /* Utils */,
				808CBC441B74C03500EDFFB9 /* View */,
				808CBC001B74BCD500EDFFB9 /* Controller */,
				808CBBDA1B74BB6500EDFFB9 /* Supporting Files */,
			);
			path = CameraDemo;
			sourceTree = "<group>";
		};
		808CBBDA1B74BB6500EDFFB9 /* Supporting Files */ = {
			isa = PBXGroup;
			children = (
				808CBBDB1B74BB6500EDFFB9 /* Info.plist */,
				808CBBDC1B74BB6500EDFFB9 /* main.m */,
				80F7B4D61B7B3B4100468538 /* CameraDemo.pch */,
			);
			name = "Supporting Files";
			sourceTree = "<group>";
		};
		808CBBF31B74BB6500EDFFB9 /* CameraDemoTests */ = {
			isa = PBXGroup;
			children = (
				808CBBF61B74BB6500EDFFB9 /* CameraDemoTests.m */,
				808CBBF41B74BB6500EDFFB9 /* Supporting Files */,
			);
			path = CameraDemoTests;
			sourceTree = "<group>";
		};
		808CBBF41B74BB6500EDFFB9 /* Supporting Files */ = {
			isa = PBXGroup;
			children = (
				808CBBF51B74BB6500EDFFB9 /* Info.plist */,
			);
			name = "Supporting Files";
			sourceTree = "<group>";
		};
		808CBC001B74BCD500EDFFB9 /* Controller */ = {
			isa = PBXGroup;
			children = (
				808CBC011B74BCD500EDFFB9 /* Camera_AVCapture */,
			);
			path = Controller;
			sourceTree = "<group>";
		};
		808CBC011B74BCD500EDFFB9 /* Camera_AVCapture */ = {
			isa = PBXGroup;
			children = (
				808CBC101B74BCD500EDFFB9 /* CustomCameraViewController.h */,
				808CBC111B74BCD500EDFFB9 /* CustomCameraViewController.m */,
				808CBC121B74BCD500EDFFB9 /* CustomCameraViewController.xib */,
				808CBC021B74BCD500EDFFB9 /* BasicCamera */,
				808CBC061B74BCD500EDFFB9 /* ClientCamera */,
				808CBC131B74BCD500EDFFB9 /* Encode */,
				808CBC201B74BCD500EDFFB9 /* EncodeUtil.h */,
				808CBC211B74BCD500EDFFB9 /* EncodeUtil.mm */,
				808CBC221B74BCD500EDFFB9 /* RTSPMessage.h */,
				808CBC231B74BCD500EDFFB9 /* RTSPMessage.m */,
				808CBC241B74BCD500EDFFB9 /* ServerCamera */,
			);
			path = Camera_AVCapture;
			sourceTree = "<group>";
		};
		808CBC021B74BCD500EDFFB9 /* BasicCamera */ = {
			isa = PBXGroup;
			children = (
				808CBC031B74BCD500EDFFB9 /* BasicCameraViewController.h */,
				808CBC041B74BCD500EDFFB9 /* BasicCameraViewController.m */,
				808CBC051B74BCD500EDFFB9 /* BasicCameraViewController.xib */,
			);
			path = BasicCamera;
			sourceTree = "<group>";
		};
		808CBC061B74BCD500EDFFB9 /* ClientCamera */ = {
			isa = PBXGroup;
			children = (
				808CBC071B74BCD500EDFFB9 /* CameraClient.h */,
				808CBC081B74BCD500EDFFB9 /* CameraClient.m */,
				808CBC091B74BCD500EDFFB9 /* ClientCameraViewController.h */,
				808CBC0A1B74BCD500EDFFB9 /* ClientCameraViewController.m */,
				808CBC0B1B74BCD500EDFFB9 /* ClientCameraViewController.xib */,
				808CBC0C1B74BCD500EDFFB9 /* ClientSocket.h */,
				808CBC0D1B74BCD500EDFFB9 /* ClientSocket.m */,
				808CBC0E1B74BCD500EDFFB9 /* RTSPClientConnection.h */,
				808CBC0F1B74BCD500EDFFB9 /* RTSPClientConnection.mm */,
			);
			path = ClientCamera;
			sourceTree = "<group>";
		};
		808CBC131B74BCD500EDFFB9 /* Encode */ = {
			isa = PBXGroup;
			children = (
				808CBC141B74BCD500EDFFB9 /* AACEncoder.h */,
				808CBC151B74BCD500EDFFB9 /* AACEncoder.m */,
				808CBC161B74BCD500EDFFB9 /* AVEncoder.h */,
				808CBC171B74BCD500EDFFB9 /* AVEncoder.mm */,
				808CBC181B74BCD500EDFFB9 /* EncodedFrame.h */,
				808CBC191B74BCD500EDFFB9 /* EncodedFrame.m */,
				808CBC1A1B74BCD500EDFFB9 /* MP4Atom.h */,
				808CBC1B1B74BCD500EDFFB9 /* MP4Atom.m */,
				808CBC1C1B74BCD500EDFFB9 /* NALUnit.cpp */,
				808CBC1D1B74BCD500EDFFB9 /* NALUnit.h */,
				808CBC1E1B74BCD500EDFFB9 /* VideoEncoder.h */,
				808CBC1F1B74BCD500EDFFB9 /* VideoEncoder.m */,
			);
			path = Encode;
			sourceTree = "<group>";
		};
		808CBC241B74BCD500EDFFB9 /* ServerCamera */ = {
			isa = PBXGroup;
			children = (
				808CBC251B74BCD500EDFFB9 /* CameraServer.h */,
				808CBC261B74BCD500EDFFB9 /* CameraServer.m */,
				808CBC271B74BCD500EDFFB9 /* RTSPServer.h */,
				808CBC281B74BCD500EDFFB9 /* RTSPServer.m */,
				808CBC291B74BCD500EDFFB9 /* RTSPServerConnection.h */,
				808CBC2A1B74BCD500EDFFB9 /* RTSPServerConnection.mm */,
				808CBC2B1B74BCD500EDFFB9 /* ServerCameraViewController.h */,
				808CBC2C1B74BCD500EDFFB9 /* ServerCameraViewController.m */,
				808CBC2D1B74BCD500EDFFB9 /* ServerCameraViewController.xib */,
			);
			path = ServerCamera;
			sourceTree = "<group>";
		};
		808CBC441B74C03500EDFFB9 /* View */ = {
			isa = PBXGroup;
			children = (
				808CBC451B74C03500EDFFB9 /* PopupTextFieldInput.h */,
				808CBC461B74C03500EDFFB9 /* PopupTextFieldInput.m */,
				808CBC471B74C03500EDFFB9 /* PopupTextFieldInput.xib */,
			);
			path = View;
			sourceTree = "<group>";
		};
		808CBC4A1B74C17800EDFFB9 /* Utils */ = {
			isa = PBXGroup;
			children = (
				808CBC4B1B74C17800EDFFB9 /* Common */,
			);
			path = Utils;
			sourceTree = "<group>";
		};
		808CBC4B1B74C17800EDFFB9 /* Common */ = {
			isa = PBXGroup;
			children = (
				808CBC4C1B74C17800EDFFB9 /* IPAddressUtil.h */,
				808CBC4D1B74C17800EDFFB9 /* IPAddressUtil.m */,
			);
			path = Common;
			sourceTree = "<group>";
		};
		AE29E5FF3911CC5EA210A5DE /* Pods */ = {
			isa = PBXGroup;
			children = (
				443C349BC004722484BF33D8 /* Pods-CameraDemo.debug.xcconfig */,
				DE31722BBCCD37250308813A /* Pods-CameraDemo.release.xcconfig */,
			);
			name = Pods;
			sourceTree = "<group>";
		};
		D6934B000A760CAFD7B81145 /* Frameworks */ = {
			isa = PBXGroup;
			children = (
				78DA0ABD1E559D97001425EF /* AVFoundation.framework */,
				E4EFCDFDD41AE6BA2DFD9D37 /* libPods-CameraDemo.a */,
			);
			name = Frameworks;
			sourceTree = "<group>";
		};
/* End PBXGroup section */

/* Begin PBXNativeTarget section */
		808CBBD61B74BB6500EDFFB9 /* CameraDemo */ = {
			isa = PBXNativeTarget;
			buildConfigurationList = 808CBBFA1B74BB6500EDFFB9 /* Build configuration list for PBXNativeTarget "CameraDemo" */;
			buildPhases = (
				B966B56D29D9E298319126E3 /* Check Pods Manifest.lock */,
				808CBBD31B74BB6500EDFFB9 /* Sources */,
				808CBBD41B74BB6500EDFFB9 /* Frameworks */,
				808CBBD51B74BB6500EDFFB9 /* Resources */,
				E7B93A3C0C3CCB1D22F93367 /* Copy Pods Resources */,
			);
			buildRules = (
			);
			dependencies = (
			);
			name = CameraDemo;
			productName = CameraDemo;
			productReference = 808CBBD71B74BB6500EDFFB9 /* CameraDemo.app */;
			productType = "com.apple.product-type.application";
		};
		808CBBEF1B74BB6500EDFFB9 /* CameraDemoTests */ = {
			isa = PBXNativeTarget;
			buildConfigurationList = 808CBBFD1B74BB6500EDFFB9 /* Build configuration list for PBXNativeTarget "CameraDemoTests" */;
			buildPhases = (
				808CBBEC1B74BB6500EDFFB9 /* Sources */,
				808CBBED1B74BB6500EDFFB9 /* Frameworks */,
				808CBBEE1B74BB6500EDFFB9 /* Resources */,
			);
			buildRules = (
			);
			dependencies = (
				808CBBF21B74BB6500EDFFB9 /* PBXTargetDependency */,
			);
			name = CameraDemoTests;
			productName = CameraDemoTests;
			productReference = 808CBBF01B74BB6500EDFFB9 /* CameraDemoTests.xctest */;
			productType = "com.apple.product-type.bundle.unit-test";
		};
/* End PBXNativeTarget section */

/* Begin PBXProject section */
		808CBBCF1B74BB6500EDFFB9 /* Project object */ = {
			isa = PBXProject;
			attributes = {
				LastUpgradeCheck = 0800;
				ORGANIZATIONNAME = ciyouzen;
				TargetAttributes = {
					808CBBD61B74BB6500EDFFB9 = {
						CreatedOnToolsVersion = 6.4;
						DevelopmentTeam = K236FB7WP6;
						ProvisioningStyle = Automatic;
					};
					808CBBEF1B74BB6500EDFFB9 = {
						CreatedOnToolsVersion = 6.4;
						TestTargetID = 808CBBD61B74BB6500EDFFB9;
					};
				};
			};
			buildConfigurationList = 808CBBD21B74BB6500EDFFB9 /* Build configuration list for PBXProject "CameraDemo" */;
			compatibilityVersion = "Xcode 3.2";
			developmentRegion = English;
			hasScannedForEncodings = 0;
			knownRegions = (
				en,
				Base,
			);
			mainGroup = 808CBBCE1B74BB6500EDFFB9;
			productRefGroup = 808CBBD81B74BB6500EDFFB9 /* Products */;
			projectDirPath = "";
			projectRoot = "";
			targets = (
				808CBBD61B74BB6500EDFFB9 /* CameraDemo */,
				808CBBEF1B74BB6500EDFFB9 /* CameraDemoTests */,
			);
		};
/* End PBXProject section */

/* Begin PBXResourcesBuildPhase section */
		808CBBD51B74BB6500EDFFB9 /* Resources */ = {
			isa = PBXResourcesBuildPhase;
			buildActionMask = 2147483647;
			files = (
				808CBC321B74BCD500EDFFB9 /* ClientCameraViewController.xib in Resources */,
				808CBC2F1B74BCD500EDFFB9 /* BasicCameraViewController.xib in Resources */,
				808CBC361B74BCD500EDFFB9 /* CustomCameraViewController.xib in Resources */,
				808CBBE61B74BB6500EDFFB9 /* Main.storyboard in Resources */,
				808CBBEB1B74BB6500EDFFB9 /* LaunchScreen.xib in Resources */,
				808CBC491B74C03500EDFFB9 /* PopupTextFieldInput.xib in Resources */,
				808CBBE81B74BB6500EDFFB9 /* Images.xcassets in Resources */,
				808CBC431B74BCD500EDFFB9 /* ServerCameraViewController.xib in Resources */,
			);
			runOnlyForDeploymentPostprocessing = 0;
		};
		808CBBEE1B74BB6500EDFFB9 /* Resources */ = {
			isa = PBXResourcesBuildPhase;
			buildActionMask = 2147483647;
			files = (
			);
			runOnlyForDeploymentPostprocessing = 0;
		};
/* End PBXResourcesBuildPhase section */

/* Begin PBXShellScriptBuildPhase section */
		B966B56D29D9E298319126E3 /* Check Pods Manifest.lock */ = {
			isa = PBXShellScriptBuildPhase;
			buildActionMask = 2147483647;
			files = (
			);
			inputPaths = (
			);
			name = "Check Pods Manifest.lock";
			outputPaths = (
			);
			runOnlyForDeploymentPostprocessing = 0;
			shellPath = /bin/sh;
			shellScript = "diff \"${PODS_ROOT}/../Podfile.lock\" \"${PODS_ROOT}/Manifest.lock\" > /dev/null\nif [[ $? != 0 ]] ; then\n    cat << EOM\nerror: The sandbox is not in sync with the Podfile.lock. Run 'pod install' or update your CocoaPods installation.\nEOM\n    exit 1\nfi\n";
			showEnvVarsInLog = 0;
		};
		E7B93A3C0C3CCB1D22F93367 /* Copy Pods Resources */ = {
			isa = PBXShellScriptBuildPhase;
			buildActionMask = 2147483647;
			files = (
			);
			inputPaths = (
			);
			name = "Copy Pods Resources";
			outputPaths = (
			);
			runOnlyForDeploymentPostprocessing = 0;
			shellPath = /bin/sh;
			shellScript = "\"${SRCROOT}/Pods/Target Support Files/Pods-CameraDemo/Pods-CameraDemo-resources.sh\"\n";
			showEnvVarsInLog = 0;
		};
/* End PBXShellScriptBuildPhase section */

/* Begin PBXSourcesBuildPhase section */
		808CBBD31B74BB6500EDFFB9 /* Sources */ = {
			isa = PBXSourcesBuildPhase;
			buildActionMask = 2147483647;
			files = (
				808CBC331B74BCD500EDFFB9 /* ClientSocket.m in Sources */,
				808CBC3D1B74BCD500EDFFB9 /* EncodeUtil.mm in Sources */,
				808CBC311B74BCD500EDFFB9 /* ClientCameraViewController.m in Sources */,
				808CBC411B74BCD500EDFFB9 /* RTSPServerConnection.mm in Sources */,
				808CBC391B74BCD500EDFFB9 /* EncodedFrame.m in Sources */,
				808CBC2E1B74BCD500EDFFB9 /* BasicCameraViewController.m in Sources */,
				808CBC3A1B74BCD500EDFFB9 /* MP4Atom.m in Sources */,
				808CBC301B74BCD500EDFFB9 /* CameraClient.m in Sources */,
				808CBBE31B74BB6500EDFFB9 /* ViewController.m in Sources */,
				78DA0AC21E55ABED001425EF /* UIImagePickerControllerUtil.m in Sources */,
				808CBC401B74BCD500EDFFB9 /* RTSPServer.m in Sources */,
				808CBC3B1B74BCD500EDFFB9 /* NALUnit.cpp in Sources */,
				808CBBE01B74BB6500EDFFB9 /* AppDelegate.m in Sources */,
				808CBC3E1B74BCD500EDFFB9 /* RTSPMessage.m in Sources */,
				808CBC3F1B74BCD500EDFFB9 /* CameraServer.m in Sources */,
				808CBBDD1B74BB6500EDFFB9 /* main.m in Sources */,
				808CBC4E1B74C17800EDFFB9 /* IPAddressUtil.m in Sources */,
				808CBC341B74BCD500EDFFB9 /* RTSPClientConnection.mm in Sources */,
				808CBC371B74BCD500EDFFB9 /* AACEncoder.m in Sources */,
				808CBC421B74BCD500EDFFB9 /* ServerCameraViewController.m in Sources */,
				808CBC381B74BCD500EDFFB9 /* AVEncoder.mm in Sources */,
				808CBC481B74C03500EDFFB9 /* PopupTextFieldInput.m in Sources */,
				808CBC3C1B74BCD500EDFFB9 /* VideoEncoder.m in Sources */,
				808CBC351B74BCD500EDFFB9 /* CustomCameraViewController.m in Sources */,
			);
			runOnlyForDeploymentPostprocessing = 0;
		};
		808CBBEC1B74BB6500EDFFB9 /* Sources */ = {
			isa = PBXSourcesBuildPhase;
			buildActionMask = 2147483647;
			files = (
				808CBBF71B74BB6500EDFFB9 /* CameraDemoTests.m in Sources */,
			);
			runOnlyForDeploymentPostprocessing = 0;
		};
/* End PBXSourcesBuildPhase section */

/* Begin PBXTargetDependency section */
		808CBBF21B74BB6500EDFFB9 /* PBXTargetDependency */ = {
			isa = PBXTargetDependency;
			target = 808CBBD61B74BB6500EDFFB9 /* CameraDemo */;
			targetProxy = 808CBBF11B74BB6500EDFFB9 /* PBXContainerItemProxy */;
		};
/* End PBXTargetDependency section */

/* Begin PBXVariantGroup section */
		808CBBE41B74BB6500EDFFB9 /* Main.storyboard */ = {
			isa = PBXVariantGroup;
			children = (
				808CBBE51B74BB6500EDFFB9 /* Base */,
			);
			name = Main.storyboard;
			sourceTree = "<group>";
		};
		808CBBE91B74BB6500EDFFB9 /* LaunchScreen.xib */ = {
			isa = PBXVariantGroup;
			children = (
				808CBBEA1B74BB6500EDFFB9 /* Base */,
			);
			name = LaunchScreen.xib;
			sourceTree = "<group>";
		};
/* End PBXVariantGroup section */

/* Begin XCBuildConfiguration section */
		808CBBF81B74BB6500EDFFB9 /* Debug */ = {
			isa = XCBuildConfiguration;
			buildSettings = {
				ALWAYS_SEARCH_USER_PATHS = NO;
				CLANG_CXX_LANGUAGE_STANDARD = "gnu++0x";
				CLANG_CXX_LIBRARY = "libc++";
				CLANG_ENABLE_MODULES = YES;
				CLANG_ENABLE_OBJC_ARC = YES;
				CLANG_WARN_BOOL_CONVERSION = YES;
				CLANG_WARN_CONSTANT_CONVERSION = YES;
				CLANG_WARN_DIRECT_OBJC_ISA_USAGE = YES_ERROR;
				CLANG_WARN_EMPTY_BODY = YES;
				CLANG_WARN_ENUM_CONVERSION = YES;
				CLANG_WARN_INFINITE_RECURSION = YES;
				CLANG_WARN_INT_CONVERSION = YES;
				CLANG_WARN_OBJC_ROOT_CLASS = YES_ERROR;
				CLANG_WARN_SUSPICIOUS_MOVE = YES;
				CLANG_WARN_UNREACHABLE_CODE = YES;
				CLANG_WARN__DUPLICATE_METHOD_MATCH = YES;
				"CODE_SIGN_IDENTITY[sdk=iphoneos*]" = "iPhone Developer";
				COPY_PHASE_STRIP = NO;
				DEBUG_INFORMATION_FORMAT = "dwarf-with-dsym";
				ENABLE_STRICT_OBJC_MSGSEND = YES;
				ENABLE_TESTABILITY = YES;
				GCC_C_LANGUAGE_STANDARD = gnu99;
				GCC_DYNAMIC_NO_PIC = NO;
				GCC_NO_COMMON_BLOCKS = YES;
				GCC_OPTIMIZATION_LEVEL = 0;
				GCC_PREPROCESSOR_DEFINITIONS = (
					"DEBUG=1",
					"$(inherited)",
				);
				GCC_SYMBOLS_PRIVATE_EXTERN = NO;
				GCC_WARN_64_TO_32_BIT_CONVERSION = YES;
				GCC_WARN_ABOUT_RETURN_TYPE = YES_ERROR;
				GCC_WARN_UNDECLARED_SELECTOR = YES;
				GCC_WARN_UNINITIALIZED_AUTOS = YES_AGGRESSIVE;
				GCC_WARN_UNUSED_FUNCTION = YES;
				GCC_WARN_UNUSED_VARIABLE = YES;
				IPHONEOS_DEPLOYMENT_TARGET = 8.4;
				MTL_ENABLE_DEBUG_INFO = YES;
				ONLY_ACTIVE_ARCH = YES;
				SDKROOT = iphoneos;
			};
			name = Debug;
		};
		808CBBF91B74BB6500EDFFB9 /* Release */ = {
			isa = XCBuildConfiguration;
			buildSettings = {
				ALWAYS_SEARCH_USER_PATHS = NO;
				CLANG_CXX_LANGUAGE_STANDARD = "gnu++0x";
				CLANG_CXX_LIBRARY = "libc++";
				CLANG_ENABLE_MODULES = YES;
				CLANG_ENABLE_OBJC_ARC = YES;
				CLANG_WARN_BOOL_CONVERSION = YES;
				CLANG_WARN_CONSTANT_CONVERSION = YES;
				CLANG_WARN_DIRECT_OBJC_ISA_USAGE = YES_ERROR;
				CLANG_WARN_EMPTY_BODY = YES;
				CLANG_WARN_ENUM_CONVERSION = YES;
				CLANG_WARN_INFINITE_RECURSION = YES;
				CLANG_WARN_INT_CONVERSION = YES;
				CLANG_WARN_OBJC_ROOT_CLASS = YES_ERROR;
				CLANG_WARN_SUSPICIOUS_MOVE = YES;
				CLANG_WARN_UNREACHABLE_CODE = YES;
				CLANG_WARN__DUPLICATE_METHOD_MATCH = YES;
				"CODE_SIGN_IDENTITY[sdk=iphoneos*]" = "iPhone Developer";
				COPY_PHASE_STRIP = NO;
				DEBUG_INFORMATION_FORMAT = "dwarf-with-dsym";
				ENABLE_NS_ASSERTIONS = NO;
				ENABLE_STRICT_OBJC_MSGSEND = YES;
				GCC_C_LANGUAGE_STANDARD = gnu99;
				GCC_NO_COMMON_BLOCKS = YES;
				GCC_WARN_64_TO_32_BIT_CONVERSION = YES;
				GCC_WARN_ABOUT_RETURN_TYPE = YES_ERROR;
				GCC_WARN_UNDECLARED_SELECTOR = YES;
				GCC_WARN_UNINITIALIZED_AUTOS = YES_AGGRESSIVE;
				GCC_WARN_UNUSED_FUNCTION = YES;
				GCC_WARN_UNUSED_VARIABLE = YES;
				IPHONEOS_DEPLOYMENT_TARGET = 8.4;
				MTL_ENABLE_DEBUG_INFO = NO;
				SDKROOT = iphoneos;
				VALIDATE_PRODUCT = YES;
			};
			name = Release;
		};
		808CBBFB1B74BB6500EDFFB9 /* Debug */ = {
			isa = XCBuildConfiguration;
			baseConfigurationReference = 443C349BC004722484BF33D8 /* Pods-CameraDemo.debug.xcconfig */;
			buildSettings = {
				ASSETCATALOG_COMPILER_APPICON_NAME = AppIcon;
				"CODE_SIGN_IDENTITY[sdk=iphoneos*]" = "iPhone Developer";
				DEVELOPMENT_TEAM = K236FB7WP6;
				GCC_PRECOMPILE_PREFIX_HEADER = YES;
				GCC_PREFIX_HEADER = "$(SRCROOT)/CameraDemo/CameraDemo.pch";
				INFOPLIST_FILE = CameraDemo/Info.plist;
				LD_RUNPATH_SEARCH_PATHS = "$(inherited) @executable_path/Frameworks";
				PRODUCT_BUNDLE_IDENTIFIER = "com.health.$(PRODUCT_NAME:rfc1034identifier)";
				PRODUCT_NAME = "$(TARGET_NAME)";
				PROVISIONING_PROFILE = "";
			};
			name = Debug;
		};
		808CBBFC1B74BB6500EDFFB9 /* Release */ = {
			isa = XCBuildConfiguration;
			baseConfigurationReference = DE31722BBCCD37250308813A /* Pods-CameraDemo.release.xcconfig */;
			buildSettings = {
				ASSETCATALOG_COMPILER_APPICON_NAME = AppIcon;
				"CODE_SIGN_IDENTITY[sdk=iphoneos*]" = "iPhone Developer";
				DEVELOPMENT_TEAM = K236FB7WP6;
				GCC_PRECOMPILE_PREFIX_HEADER = YES;
				GCC_PREFIX_HEADER = "$(SRCROOT)/CameraDemo/CameraDemo.pch";
				INFOPLIST_FILE = CameraDemo/Info.plist;
				LD_RUNPATH_SEARCH_PATHS = "$(inherited) @executable_path/Frameworks";
				PRODUCT_BUNDLE_IDENTIFIER = "com.health.$(PRODUCT_NAME:rfc1034identifier)";
				PRODUCT_NAME = "$(TARGET_NAME)";
				PROVISIONING_PROFILE = "";
			};
			name = Release;
		};
		808CBBFE1B74BB6500EDFFB9 /* Debug */ = {
			isa = XCBuildConfiguration;
			buildSettings = {
				BUNDLE_LOADER = "$(TEST_HOST)";
				FRAMEWORK_SEARCH_PATHS = (
					"$(SDKROOT)/Developer/Library/Frameworks",
					"$(inherited)",
				);
				GCC_PREPROCESSOR_DEFINITIONS = (
					"DEBUG=1",
					"$(inherited)",
				);
				INFOPLIST_FILE = CameraDemoTests/Info.plist;
				LD_RUNPATH_SEARCH_PATHS = "$(inherited) @executable_path/Frameworks @loader_path/Frameworks";
				PRODUCT_BUNDLE_IDENTIFIER = "com.ciyouzen.$(PRODUCT_NAME:rfc1034identifier)";
				PRODUCT_NAME = "$(TARGET_NAME)";
				TEST_HOST = "$(BUILT_PRODUCTS_DIR)/CameraDemo.app/CameraDemo";
			};
			name = Debug;
		};
		808CBBFF1B74BB6500EDFFB9 /* Release */ = {
			isa = XCBuildConfiguration;
			buildSettings = {
				BUNDLE_LOADER = "$(TEST_HOST)";
				FRAMEWORK_SEARCH_PATHS = (
					"$(SDKROOT)/Developer/Library/Frameworks",
					"$(inherited)",
				);
				INFOPLIST_FILE = CameraDemoTests/Info.plist;
				LD_RUNPATH_SEARCH_PATHS = "$(inherited) @executable_path/Frameworks @loader_path/Frameworks";
				PRODUCT_BUNDLE_IDENTIFIER = "com.ciyouzen.$(PRODUCT_NAME:rfc1034identifier)";
				PRODUCT_NAME = "$(TARGET_NAME)";
				TEST_HOST = "$(BUILT_PRODUCTS_DIR)/CameraDemo.app/CameraDemo";
			};
			name = Release;
		};
/* End XCBuildConfiguration section */

/* Begin XCConfigurationList section */
		808CBBD21B74BB6500EDFFB9 /* Build configuration list for PBXProject "CameraDemo" */ = {
			isa = XCConfigurationList;
			buildConfigurations = (
				808CBBF81B74BB6500EDFFB9 /* Debug */,
				808CBBF91B74BB6500EDFFB9 /* Release */,
			);
			defaultConfigurationIsVisible = 0;
			defaultConfigurationName = Release;
		};
		808CBBFA1B74BB6500EDFFB9 /* Build configuration list for PBXNativeTarget "CameraDemo" */ = {
			isa = XCConfigurationList;
			buildConfigurations = (
				808CBBFB1B74BB6500EDFFB9 /* Debug */,
				808CBBFC1B74BB6500EDFFB9 /* Release */,
			);
			defaultConfigurationIsVisible = 0;
			defaultConfigurationName = Release;
		};
		808CBBFD1B74BB6500EDFFB9 /* Build configuration list for PBXNativeTarget "CameraDemoTests" */ = {
			isa = XCConfigurationList;
			buildConfigurations = (
				808CBBFE1B74BB6500EDFFB9 /* Debug */,
				808CBBFF1B74BB6500EDFFB9 /* Release */,
			);
			defaultConfigurationIsVisible = 0;
			defaultConfigurationName = Release;
		};
/* End XCConfigurationList section */
	};
	rootObject = 808CBBCF1B74BB6500EDFFB9 /* Project object */;
}
